// !$*UTF8*$!
{
	archiveVersion = 1;
	classes = {
	};
	objectVersion = 46;
	objects = {

/* Begin PBXBuildFile section */
		3F67A8851CCFE8F1002863E6 /* AppDelegate.swift in Sources */ = {isa = PBXBuildFile; fileRef = 3F67A8841CCFE8F1002863E6 /* AppDelegate.swift */; };
		3F67A8871CCFE8F1002863E6 /* ViewController.swift in Sources */ = {isa = PBXBuildFile; fileRef = 3F67A8861CCFE8F1002863E6 /* ViewController.swift */; };
		3F67A88A1CCFE8F1002863E6 /* Main.storyboard in Resources */ = {isa = PBXBuildFile; fileRef = 3F67A8881CCFE8F1002863E6 /* Main.storyboard */; };
		3F67A88D1CCFE8F1002863E6 /* UnionLeaf.xcdatamodeld in Sources */ = {isa = PBXBuildFile; fileRef = 3F67A88B1CCFE8F1002863E6 /* UnionLeaf.xcdatamodeld */; };
		3F67A88F1CCFE8F1002863E6 /* Assets.xcassets in Resources */ = {isa = PBXBuildFile; fileRef = 3F67A88E1CCFE8F1002863E6 /* Assets.xcassets */; };
		3F67A8921CCFE8F1002863E6 /* LaunchScreen.storyboard in Resources */ = {isa = PBXBuildFile; fileRef = 3F67A8901CCFE8F1002863E6 /* LaunchScreen.storyboard */; };
		3F8647491CD00A2E00352F36 /* Marca+CoreDataProperties.swift in Sources */ = {isa = PBXBuildFile; fileRef = 3F86473B1CD00A2E00352F36 /* Marca+CoreDataProperties.swift */; };
		3F86474A1CD00A2E00352F36 /* Marca.swift in Sources */ = {isa = PBXBuildFile; fileRef = 3F86473C1CD00A2E00352F36 /* Marca.swift */; };
		3F86474B1CD00A2E00352F36 /* Usuario+CoreDataProperties.swift in Sources */ = {isa = PBXBuildFile; fileRef = 3F86473D1CD00A2E00352F36 /* Usuario+CoreDataProperties.swift */; };
		3F86474C1CD00A2E00352F36 /* Usuario.swift in Sources */ = {isa = PBXBuildFile; fileRef = 3F86473E1CD00A2E00352F36 /* Usuario.swift */; };
		3F86474D1CD00A2E00352F36 /* UsuarioTipo+CoreDataProperties.swift in Sources */ = {isa = PBXBuildFile; fileRef = 3F86473F1CD00A2E00352F36 /* UsuarioTipo+CoreDataProperties.swift */; };
		3F86474E1CD00A2E00352F36 /* UsuarioTipo.swift in Sources */ = {isa = PBXBuildFile; fileRef = 3F8647401CD00A2E00352F36 /* UsuarioTipo.swift */; };
		3F86474F1CD00A2E00352F36 /* Produto+CoreDataProperties.swift in Sources */ = {isa = PBXBuildFile; fileRef = 3F8647411CD00A2E00352F36 /* Produto+CoreDataProperties.swift */; };
		3F8647501CD00A2E00352F36 /* Produto.swift in Sources */ = {isa = PBXBuildFile; fileRef = 3F8647421CD00A2E00352F36 /* Produto.swift */; };
		3F8647511CD00A2E00352F36 /* Local+CoreDataProperties.swift in Sources */ = {isa = PBXBuildFile; fileRef = 3F8647431CD00A2E00352F36 /* Local+CoreDataProperties.swift */; };
		3F8647521CD00A2E00352F36 /* Local.swift in Sources */ = {isa = PBXBuildFile; fileRef = 3F8647441CD00A2E00352F36 /* Local.swift */; };
		3F8647531CD00A2E00352F36 /* Loja+CoreDataProperties.swift in Sources */ = {isa = PBXBuildFile; fileRef = 3F8647451CD00A2E00352F36 /* Loja+CoreDataProperties.swift */; };
		3F8647541CD00A2E00352F36 /* Loja.swift in Sources */ = {isa = PBXBuildFile; fileRef = 3F8647461CD00A2E00352F36 /* Loja.swift */; };
		3F8647551CD00A2E00352F36 /* ProdutoLojaUsuario+CoreDataProperties.swift in Sources */ = {isa = PBXBuildFile; fileRef = 3F8647471CD00A2E00352F36 /* ProdutoLojaUsuario+CoreDataProperties.swift */; };
		3F8647561CD00A2E00352F36 /* ProdutoLojaUsuario.swift in Sources */ = {isa = PBXBuildFile; fileRef = 3F8647481CD00A2E00352F36 /* ProdutoLojaUsuario.swift */; };
		3FAC58691CD00D99005EC856 /* MarcaDAO.swift in Sources */ = {isa = PBXBuildFile; fileRef = 3FAC58681CD00D99005EC856 /* MarcaDAO.swift */; };
		3FAC586B1CD00DB7005EC856 /* ProdutoDAO.swift in Sources */ = {isa = PBXBuildFile; fileRef = 3FAC586A1CD00DB7005EC856 /* ProdutoDAO.swift */; };
		3FAC586D1CD00DE2005EC856 /* LojaDAO.swift in Sources */ = {isa = PBXBuildFile; fileRef = 3FAC586C1CD00DE2005EC856 /* LojaDAO.swift */; };
		3FAC586F1CD00DFB005EC856 /* UsuarioDAO.swift in Sources */ = {isa = PBXBuildFile; fileRef = 3FAC586E1CD00DFB005EC856 /* UsuarioDAO.swift */; };
		3FAC58711CD00E3B005EC856 /* LocalDAO.swift in Sources */ = {isa = PBXBuildFile; fileRef = 3FAC58701CD00E3B005EC856 /* LocalDAO.swift */; };
		3FAC58731CD00F48005EC856 /* DAO.swift in Sources */ = {isa = PBXBuildFile; fileRef = 3FAC58721CD00F48005EC856 /* DAO.swift */; };
/* End PBXBuildFile section */

/* Begin PBXFileReference section */
		3F67A8811CCFE8F1002863E6 /* UnionLeaf.app */ = {isa = PBXFileReference; explicitFileType = wrapper.application; includeInIndex = 0; path = UnionLeaf.app; sourceTree = BUILT_PRODUCTS_DIR; };
		3F67A8841CCFE8F1002863E6 /* AppDelegate.swift */ = {isa = PBXFileReference; lastKnownFileType = sourcecode.swift; path = AppDelegate.swift; sourceTree = "<group>"; };
		3F67A8861CCFE8F1002863E6 /* ViewController.swift */ = {isa = PBXFileReference; lastKnownFileType = sourcecode.swift; path = ViewController.swift; sourceTree = "<group>"; };
		3F67A8891CCFE8F1002863E6 /* Base */ = {isa = PBXFileReference; lastKnownFileType = file.storyboard; name = Base; path = Base.lproj/Main.storyboard; sourceTree = "<group>"; };
		3F67A88C1CCFE8F1002863E6 /* UnionLeaf.xcdatamodel */ = {isa = PBXFileReference; lastKnownFileType = wrapper.xcdatamodel; path = UnionLeaf.xcdatamodel; sourceTree = "<group>"; };
		3F67A88E1CCFE8F1002863E6 /* Assets.xcassets */ = {isa = PBXFileReference; lastKnownFileType = folder.assetcatalog; path = Assets.xcassets; sourceTree = "<group>"; };
		3F67A8911CCFE8F1002863E6 /* Base */ = {isa = PBXFileReference; lastKnownFileType = file.storyboard; name = Base; path = Base.lproj/LaunchScreen.storyboard; sourceTree = "<group>"; };
		3F67A8931CCFE8F1002863E6 /* Info.plist */ = {isa = PBXFileReference; lastKnownFileType = text.plist.xml; path = Info.plist; sourceTree = "<group>"; };
		3F86473B1CD00A2E00352F36 /* Marca+CoreDataProperties.swift */ = {isa = PBXFileReference; fileEncoding = 4; lastKnownFileType = sourcecode.swift; path = "Marca+CoreDataProperties.swift"; sourceTree = "<group>"; };
		3F86473C1CD00A2E00352F36 /* Marca.swift */ = {isa = PBXFileReference; fileEncoding = 4; lastKnownFileType = sourcecode.swift; path = Marca.swift; sourceTree = "<group>"; };
		3F86473D1CD00A2E00352F36 /* Usuario+CoreDataProperties.swift */ = {isa = PBXFileReference; fileEncoding = 4; lastKnownFileType = sourcecode.swift; path = "Usuario+CoreDataProperties.swift"; sourceTree = "<group>"; };
		3F86473E1CD00A2E00352F36 /* Usuario.swift */ = {isa = PBXFileReference; fileEncoding = 4; lastKnownFileType = sourcecode.swift; path = Usuario.swift; sourceTree = "<group>"; };
		3F86473F1CD00A2E00352F36 /* UsuarioTipo+CoreDataProperties.swift */ = {isa = PBXFileReference; fileEncoding = 4; lastKnownFileType = sourcecode.swift; path = "UsuarioTipo+CoreDataProperties.swift"; sourceTree = "<group>"; };
		3F8647401CD00A2E00352F36 /* UsuarioTipo.swift */ = {isa = PBXFileReference; fileEncoding = 4; lastKnownFileType = sourcecode.swift; path = UsuarioTipo.swift; sourceTree = "<group>"; };
		3F8647411CD00A2E00352F36 /* Produto+CoreDataProperties.swift */ = {isa = PBXFileReference; fileEncoding = 4; lastKnownFileType = sourcecode.swift; path = "Produto+CoreDataProperties.swift"; sourceTree = "<group>"; };
		3F8647421CD00A2E00352F36 /* Produto.swift */ = {isa = PBXFileReference; fileEncoding = 4; lastKnownFileType = sourcecode.swift; path = Produto.swift; sourceTree = "<group>"; };
		3F8647431CD00A2E00352F36 /* Local+CoreDataProperties.swift */ = {isa = PBXFileReference; fileEncoding = 4; lastKnownFileType = sourcecode.swift; path = "Local+CoreDataProperties.swift"; sourceTree = "<group>"; };
		3F8647441CD00A2E00352F36 /* Local.swift */ = {isa = PBXFileReference; fileEncoding = 4; lastKnownFileType = sourcecode.swift; path = Local.swift; sourceTree = "<group>"; };
		3F8647451CD00A2E00352F36 /* Loja+CoreDataProperties.swift */ = {isa = PBXFileReference; fileEncoding = 4; lastKnownFileType = sourcecode.swift; path = "Loja+CoreDataProperties.swift"; sourceTree = "<group>"; };
		3F8647461CD00A2E00352F36 /* Loja.swift */ = {isa = PBXFileReference; fileEncoding = 4; lastKnownFileType = sourcecode.swift; path = Loja.swift; sourceTree = "<group>"; };
		3F8647471CD00A2E00352F36 /* ProdutoLojaUsuario+CoreDataProperties.swift */ = {isa = PBXFileReference; fileEncoding = 4; lastKnownFileType = sourcecode.swift; path = "ProdutoLojaUsuario+CoreDataProperties.swift"; sourceTree = "<group>"; };
		3F8647481CD00A2E00352F36 /* ProdutoLojaUsuario.swift */ = {isa = PBXFileReference; fileEncoding = 4; lastKnownFileType = sourcecode.swift; path = ProdutoLojaUsuario.swift; sourceTree = "<group>"; };
		3FAC58681CD00D99005EC856 /* MarcaDAO.swift */ = {isa = PBXFileReference; fileEncoding = 4; lastKnownFileType = sourcecode.swift; path = MarcaDAO.swift; sourceTree = "<group>"; };
		3FAC586A1CD00DB7005EC856 /* ProdutoDAO.swift */ = {isa = PBXFileReference; fileEncoding = 4; lastKnownFileType = sourcecode.swift; path = ProdutoDAO.swift; sourceTree = "<group>"; };
		3FAC586C1CD00DE2005EC856 /* LojaDAO.swift */ = {isa = PBXFileReference; fileEncoding = 4; lastKnownFileType = sourcecode.swift; path = LojaDAO.swift; sourceTree = "<group>"; };
		3FAC586E1CD00DFB005EC856 /* UsuarioDAO.swift */ = {isa = PBXFileReference; fileEncoding = 4; lastKnownFileType = sourcecode.swift; path = UsuarioDAO.swift; sourceTree = "<group>"; };
		3FAC58701CD00E3B005EC856 /* LocalDAO.swift */ = {isa = PBXFileReference; fileEncoding = 4; lastKnownFileType = sourcecode.swift; path = LocalDAO.swift; sourceTree = "<group>"; };
		3FAC58721CD00F48005EC856 /* DAO.swift */ = {isa = PBXFileReference; fileEncoding = 4; lastKnownFileType = sourcecode.swift; path = DAO.swift; sourceTree = "<group>"; };
/* End PBXFileReference section */

/* Begin PBXFrameworksBuildPhase section */
		3F67A87E1CCFE8F1002863E6 /* Frameworks */ = {
			isa = PBXFrameworksBuildPhase;
			buildActionMask = 2147483647;
			files = (
			);
			runOnlyForDeploymentPostprocessing = 0;
		};
/* End PBXFrameworksBuildPhase section */

/* Begin PBXGroup section */
		3F67A8781CCFE8F1002863E6 = {
			isa = PBXGroup;
			children = (
				3F67A8831CCFE8F1002863E6 /* UnionLeaf */,
				3F67A8821CCFE8F1002863E6 /* Products */,
			);
			sourceTree = "<group>";
		};
		3F67A8821CCFE8F1002863E6 /* Products */ = {
			isa = PBXGroup;
			children = (
				3F67A8811CCFE8F1002863E6 /* UnionLeaf.app */,
			);
			name = Products;
			sourceTree = "<group>";
		};
		3F67A8831CCFE8F1002863E6 /* UnionLeaf */ = {
			isa = PBXGroup;
			children = (
				3F86473A1CCFF40800352F36 /* Model */,
				3F8647391CCFF40200352F36 /* Controller */,
				3F8647381CCFF3FB00352F36 /* View */,
				3F67A8841CCFE8F1002863E6 /* AppDelegate.swift */,
				3F67A88E1CCFE8F1002863E6 /* Assets.xcassets */,
				3F67A8931CCFE8F1002863E6 /* Info.plist */,
			);
			path = UnionLeaf;
			sourceTree = "<group>";
		};
		3F8647381CCFF3FB00352F36 /* View */ = {
			isa = PBXGroup;
			children = (
				3F67A8901CCFE8F1002863E6 /* LaunchScreen.storyboard */,
				3F67A8881CCFE8F1002863E6 /* Main.storyboard */,
			);
			name = View;
			sourceTree = "<group>";
		};
		3F8647391CCFF40200352F36 /* Controller */ = {
			isa = PBXGroup;
			children = (
				3F67A8861CCFE8F1002863E6 /* ViewController.swift */,
			);
			name = Controller;
			sourceTree = "<group>";
		};
		3F86473A1CCFF40800352F36 /* Model */ = {
			isa = PBXGroup;
			children = (
				3FAC58721CD00F48005EC856 /* DAO.swift */,
				3F86473B1CD00A2E00352F36 /* Marca+CoreDataProperties.swift */,
				3F86473C1CD00A2E00352F36 /* Marca.swift */,
				3F86473D1CD00A2E00352F36 /* Usuario+CoreDataProperties.swift */,
				3F86473E1CD00A2E00352F36 /* Usuario.swift */,
				3F86473F1CD00A2E00352F36 /* UsuarioTipo+CoreDataProperties.swift */,
				3F8647401CD00A2E00352F36 /* UsuarioTipo.swift */,
				3F8647411CD00A2E00352F36 /* Produto+CoreDataProperties.swift */,
				3F8647421CD00A2E00352F36 /* Produto.swift */,
				3F8647431CD00A2E00352F36 /* Local+CoreDataProperties.swift */,
				3F8647441CD00A2E00352F36 /* Local.swift */,
				3F8647451CD00A2E00352F36 /* Loja+CoreDataProperties.swift */,
				3F8647461CD00A2E00352F36 /* Loja.swift */,
				3F8647471CD00A2E00352F36 /* ProdutoLojaUsuario+CoreDataProperties.swift */,
				3F8647481CD00A2E00352F36 /* ProdutoLojaUsuario.swift */,
				3F67A88B1CCFE8F1002863E6 /* UnionLeaf.xcdatamodeld */,
				3FAC58681CD00D99005EC856 /* MarcaDAO.swift */,
				3FAC586A1CD00DB7005EC856 /* ProdutoDAO.swift */,
				3FAC586C1CD00DE2005EC856 /* LojaDAO.swift */,
				3FAC586E1CD00DFB005EC856 /* UsuarioDAO.swift */,
				3FAC58701CD00E3B005EC856 /* LocalDAO.swift */,
			);
			name = Model;
			sourceTree = "<group>";
		};
/* End PBXGroup section */

/* Begin PBXNativeTarget section */
		3F67A8801CCFE8F1002863E6 /* UnionLeaf */ = {
			isa = PBXNativeTarget;
			buildConfigurationList = 3F67A8961CCFE8F1002863E6 /* Build configuration list for PBXNativeTarget "UnionLeaf" */;
			buildPhases = (
				3F67A87D1CCFE8F1002863E6 /* Sources */,
				3F67A87E1CCFE8F1002863E6 /* Frameworks */,
				3F67A87F1CCFE8F1002863E6 /* Resources */,
			);
			buildRules = (
			);
			dependencies = (
			);
			name = UnionLeaf;
			productName = UnionLeaf;
			productReference = 3F67A8811CCFE8F1002863E6 /* UnionLeaf.app */;
			productType = "com.apple.product-type.application";
		};
/* End PBXNativeTarget section */

/* Begin PBXProject section */
		3F67A8791CCFE8F1002863E6 /* Project object */ = {
			isa = PBXProject;
			attributes = {
				LastSwiftUpdateCheck = 0730;
				LastUpgradeCheck = 0730;
				ORGANIZATIONNAME = HackaTruck;
				TargetAttributes = {
					3F67A8801CCFE8F1002863E6 = {
						CreatedOnToolsVersion = 7.3;
					};
				};
			};
			buildConfigurationList = 3F67A87C1CCFE8F1002863E6 /* Build configuration list for PBXProject "UnionLeaf" */;
			compatibilityVersion = "Xcode 3.2";
			developmentRegion = English;
			hasScannedForEncodings = 0;
			knownRegions = (
				en,
				Base,
			);
			mainGroup = 3F67A8781CCFE8F1002863E6;
			productRefGroup = 3F67A8821CCFE8F1002863E6 /* Products */;
			projectDirPath = "";
			projectRoot = "";
			targets = (
				3F67A8801CCFE8F1002863E6 /* UnionLeaf */,
			);
		};
/* End PBXProject section */

/* Begin PBXResourcesBuildPhase section */
		3F67A87F1CCFE8F1002863E6 /* Resources */ = {
			isa = PBXResourcesBuildPhase;
			buildActionMask = 2147483647;
			files = (
				3F67A8921CCFE8F1002863E6 /* LaunchScreen.storyboard in Resources */,
				3F67A88F1CCFE8F1002863E6 /* Assets.xcassets in Resources */,
				3F67A88A1CCFE8F1002863E6 /* Main.storyboard in Resources */,
			);
			runOnlyForDeploymentPostprocessing = 0;
		};
/* End PBXResourcesBuildPhase section */

/* Begin PBXSourcesBuildPhase section */
		3F67A87D1CCFE8F1002863E6 /* Sources */ = {
			isa = PBXSourcesBuildPhase;
			buildActionMask = 2147483647;
			files = (
				3F8647491CD00A2E00352F36 /* Marca+CoreDataProperties.swift in Sources */,
				3F8647541CD00A2E00352F36 /* Loja.swift in Sources */,
				3FAC58731CD00F48005EC856 /* DAO.swift in Sources */,
				3FAC586B1CD00DB7005EC856 /* ProdutoDAO.swift in Sources */,
				3F8647531CD00A2E00352F36 /* Loja+CoreDataProperties.swift in Sources */,
				3F67A88D1CCFE8F1002863E6 /* UnionLeaf.xcdatamodeld in Sources */,
				3FAC586F1CD00DFB005EC856 /* UsuarioDAO.swift in Sources */,
				3F8647521CD00A2E00352F36 /* Local.swift in Sources */,
				3FAC586D1CD00DE2005EC856 /* LojaDAO.swift in Sources */,
				3FAC58711CD00E3B005EC856 /* LocalDAO.swift in Sources */,
				3F8647561CD00A2E00352F36 /* ProdutoLojaUsuario.swift in Sources */,
				3F86474C1CD00A2E00352F36 /* Usuario.swift in Sources */,
				3F8647511CD00A2E00352F36 /* Local+CoreDataProperties.swift in Sources */,
				3F86474E1CD00A2E00352F36 /* UsuarioTipo.swift in Sources */,
				3F86474B1CD00A2E00352F36 /* Usuario+CoreDataProperties.swift in Sources */,
				3F86474A1CD00A2E00352F36 /* Marca.swift in Sources */,
				3F67A8871CCFE8F1002863E6 /* ViewController.swift in Sources */,
				3F8647501CD00A2E00352F36 /* Produto.swift in Sources */,
				3F8647551CD00A2E00352F36 /* ProdutoLojaUsuario+CoreDataProperties.swift in Sources */,
				3F86474D1CD00A2E00352F36 /* UsuarioTipo+CoreDataProperties.swift in Sources */,
				3F86474F1CD00A2E00352F36 /* Produto+CoreDataProperties.swift in Sources */,
				3F67A8851CCFE8F1002863E6 /* AppDelegate.swift in Sources */,
				3FAC58691CD00D99005EC856 /* MarcaDAO.swift in Sources */,
			);
			runOnlyForDeploymentPostprocessing = 0;
		};
/* End PBXSourcesBuildPhase section */

/* Begin PBXVariantGroup section */
		3F67A8881CCFE8F1002863E6 /* Main.storyboard */ = {
			isa = PBXVariantGroup;
			children = (
				3F67A8891CCFE8F1002863E6 /* Base */,
			);
			name = Main.storyboard;
			sourceTree = "<group>";
		};
		3F67A8901CCFE8F1002863E6 /* LaunchScreen.storyboard */ = {
			isa = PBXVariantGroup;
			children = (
				3F67A8911CCFE8F1002863E6 /* Base */,
			);
			name = LaunchScreen.storyboard;
			sourceTree = "<group>";
		};
/* End PBXVariantGroup section */

/* Begin XCBuildConfiguration section */
		3F67A8941CCFE8F1002863E6 /* Debug */ = {
			isa = XCBuildConfiguration;
			buildSettings = {
				ALWAYS_SEARCH_USER_PATHS = NO;
				CLANG_ANALYZER_NONNULL = YES;
				CLANG_CXX_LANGUAGE_STANDARD = "gnu++0x";
				CLANG_CXX_LIBRARY = "libc++";
				CLANG_ENABLE_MODULES = YES;
				CLANG_ENABLE_OBJC_ARC = YES;
				CLANG_WARN_BOOL_CONVERSION = YES;
				CLANG_WARN_CONSTANT_CONVERSION = YES;
				CLANG_WARN_DIRECT_OBJC_ISA_USAGE = YES_ERROR;
				CLANG_WARN_EMPTY_BODY = YES;
				CLANG_WARN_ENUM_CONVERSION = YES;
				CLANG_WARN_INT_CONVERSION = YES;
				CLANG_WARN_OBJC_ROOT_CLASS = YES_ERROR;
				CLANG_WARN_UNREACHABLE_CODE = YES;
				CLANG_WARN__DUPLICATE_METHOD_MATCH = YES;
				"CODE_SIGN_IDENTITY[sdk=iphoneos*]" = "iPhone Developer";
				COPY_PHASE_STRIP = NO;
				DEBUG_INFORMATION_FORMAT = dwarf;
				ENABLE_STRICT_OBJC_MSGSEND = YES;
				ENABLE_TESTABILITY = YES;
				GCC_C_LANGUAGE_STANDARD = gnu99;
				GCC_DYNAMIC_NO_PIC = NO;
				GCC_NO_COMMON_BLOCKS = YES;
				GCC_OPTIMIZATION_LEVEL = 0;
				GCC_PREPROCESSOR_DEFINITIONS = (
					"DEBUG=1",
					"$(inherited)",
				);
				GCC_WARN_64_TO_32_BIT_CONVERSION = YES;
				GCC_WARN_ABOUT_RETURN_TYPE = YES_ERROR;
				GCC_WARN_UNDECLARED_SELECTOR = YES;
				GCC_WARN_UNINITIALIZED_AUTOS = YES_AGGRESSIVE;
				GCC_WARN_UNUSED_FUNCTION = YES;
				GCC_WARN_UNUSED_VARIABLE = YES;
				IPHONEOS_DEPLOYMENT_TARGET = 9.3;
				MTL_ENABLE_DEBUG_INFO = YES;
				ONLY_ACTIVE_ARCH = YES;
				SDKROOT = iphoneos;
				SWIFT_OPTIMIZATION_LEVEL = "-Onone";
			};
			name = Debug;
		};
		3F67A8951CCFE8F1002863E6 /* Release */ = {
			isa = XCBuildConfiguration;
			buildSettings = {
				ALWAYS_SEARCH_USER_PATHS = NO;
				CLANG_ANALYZER_NONNULL = YES;
				CLANG_CXX_LANGUAGE_STANDARD = "gnu++0x";
				CLANG_CXX_LIBRARY = "libc++";
				CLANG_ENABLE_MODULES = YES;
				CLANG_ENABLE_OBJC_ARC = YES;
				CLANG_WARN_BOOL_CONVERSION = YES;
				CLANG_WARN_CONSTANT_CONVERSION = YES;
				CLANG_WARN_DIRECT_OBJC_ISA_USAGE = YES_ERROR;
				CLANG_WARN_EMPTY_BODY = YES;
				CLANG_WARN_ENUM_CONVERSION = YES;
				CLANG_WARN_INT_CONVERSION = YES;
				CLANG_WARN_OBJC_ROOT_CLASS = YES_ERROR;
				CLANG_WARN_UNREACHABLE_CODE = YES;
				CLANG_WARN__DUPLICATE_METHOD_MATCH = YES;
				"CODE_SIGN_IDENTITY[sdk=iphoneos*]" = "iPhone Developer";
				COPY_PHASE_STRIP = NO;
				DEBUG_INFORMATION_FORMAT = "dwarf-with-dsym";
				ENABLE_NS_ASSERTIONS = NO;
				ENABLE_STRICT_OBJC_MSGSEND = YES;
				GCC_C_LANGUAGE_STANDARD = gnu99;
				GCC_NO_COMMON_BLOCKS = YES;
				GCC_WARN_64_TO_32_BIT_CONVERSION = YES;
				GCC_WARN_ABOUT_RETURN_TYPE = YES_ERROR;
				GCC_WARN_UNDECLARED_SELECTOR = YES;
				GCC_WARN_UNINITIALIZED_AUTOS = YES_AGGRESSIVE;
				GCC_WARN_UNUSED_FUNCTION = YES;
				GCC_WARN_UNUSED_VARIABLE = YES;
				IPHONEOS_DEPLOYMENT_TARGET = 9.3;
				MTL_ENABLE_DEBUG_INFO = NO;
				SDKROOT = iphoneos;
				VALIDATE_PRODUCT = YES;
			};
			name = Release;
		};
		3F67A8971CCFE8F1002863E6 /* Debug */ = {
			isa = XCBuildConfiguration;
			buildSettings = {
				ASSETCATALOG_COMPILER_APPICON_NAME = AppIcon;
				INFOPLIST_FILE = UnionLeaf/Info.plist;
				LD_RUNPATH_SEARCH_PATHS = "$(inherited) @executable_path/Frameworks";
				PRODUCT_BUNDLE_IDENTIFIER = br.com.HackaTruck.UnionLeaf;
				PRODUCT_NAME = "$(TARGET_NAME)";
			};
			name = Debug;
		};
		3F67A8981CCFE8F1002863E6 /* Release */ = {
			isa = XCBuildConfiguration;
			buildSettings = {
				ASSETCATALOG_COMPILER_APPICON_NAME = AppIcon;
				INFOPLIST_FILE = UnionLeaf/Info.plist;
				LD_RUNPATH_SEARCH_PATHS = "$(inherited) @executable_path/Frameworks";
				PRODUCT_BUNDLE_IDENTIFIER = br.com.HackaTruck.UnionLeaf;
				PRODUCT_NAME = "$(TARGET_NAME)";
			};
			name = Release;
		};
/* End XCBuildConfiguration section */

/* Begin XCConfigurationList section */
		3F67A87C1CCFE8F1002863E6 /* Build configuration list for PBXProject "UnionLeaf" */ = {
			isa = XCConfigurationList;
			buildConfigurations = (
				3F67A8941CCFE8F1002863E6 /* Debug */,
				3F67A8951CCFE8F1002863E6 /* Release */,
			);
			defaultConfigurationIsVisible = 0;
			defaultConfigurationName = Release;
		};
		3F67A8961CCFE8F1002863E6 /* Build configuration list for PBXNativeTarget "UnionLeaf" */ = {
			isa = XCConfigurationList;
			buildConfigurations = (
				3F67A8971CCFE8F1002863E6 /* Debug */,
				3F67A8981CCFE8F1002863E6 /* Release */,
			);
			defaultConfigurationIsVisible = 0;
			defaultConfigurationName = Release;
		};
/* End XCConfigurationList section */

/* Begin XCVersionGroup section */
		3F67A88B1CCFE8F1002863E6 /* UnionLeaf.xcdatamodeld */ = {
			isa = XCVersionGroup;
			children = (
				3F67A88C1CCFE8F1002863E6 /* UnionLeaf.xcdatamodel */,
			);
			currentVersion = 3F67A88C1CCFE8F1002863E6 /* UnionLeaf.xcdatamodel */;
			path = UnionLeaf.xcdatamodeld;
			sourceTree = "<group>";
			versionGroupType = wrapper.xcdatamodel;
		};
/* End XCVersionGroup section */
	};
	rootObject = 3F67A8791CCFE8F1002863E6 /* Project object */;
}
